
Microsoft Visual Studio Solution File, Format Version 12.00
# Visual Studio Version 16
VisualStudioVersion = 16.0.31205.134
MinimumVisualStudioVersion = 10.0.40219.1
Project("{9A19103F-16F7-4668-BE54-9A1E7A4F7556}") = "day-01", "day-1\day-01.csproj", "{DAAB8175-82BE-4C41-807D-EC21F359209E}"
EndProject
Project("{2150E333-8FDC-42A3-9474-1A3956D46DE8}") = "Advent-of-Code-2021", "Advent-of-Code-2021", "{1BD82645-5CF0-4E88-BCBE-1DB0768AC8EA}"
EndProject
Project("{9A19103F-16F7-4668-BE54-9A1E7A4F7556}") = "day-02", "day-2\day-02.csproj", "{A1065C85-9091-4ADE-A724-F4521E826831}"
EndProject
Project("{9A19103F-16F7-4668-BE54-9A1E7A4F7556}") = "day-03", "day-3\day-03.csproj", "{CE5FDCCE-139F-4A6E-B439-A42C750D7E07}"
EndProject
Project("{9A19103F-16F7-4668-BE54-9A1E7A4F7556}") = "day-04", "day-4\day-04.csproj", "{C5FD76C0-696B-436B-B3D9-C274E50E23B0}"
EndProject
Project("{9A19103F-16F7-4668-BE54-9A1E7A4F7556}") = "day-05", "day-5\day-05.csproj", "{318CF248-8E0F-44EE-9AEF-BC205813B754}"
EndProject
Project("{9A19103F-16F7-4668-BE54-9A1E7A4F7556}") = "day-06", "day-6\day-06.csproj", "{E6F1A0AA-D81D-46F5-9352-44914BF38AC5}"
EndProject
Project("{9A19103F-16F7-4668-BE54-9A1E7A4F7556}") = "day-07", "day-7\day-07.csproj", "{B04DE843-11B7-4030-896B-341E9074FCD6}"
EndProject
Project("{FAE04EC0-301F-11D3-BF4B-00C04F79EFBC}") = "day-08", "day-8\day-08.csproj", "{6E8D496E-4BED-43ED-9675-8D8F6F6958BD}"
EndProject
Project("{FAE04EC0-301F-11D3-BF4B-00C04F79EFBC}") = "day-09", "day-9\day-09.csproj", "{7522D9E3-E25A-4F28-999B-50EA704430E7}"
EndProject
Project("{FAE04EC0-301F-11D3-BF4B-00C04F79EFBC}") = "day-10", "day-10\day-10.csproj", "{E12DB622-94C1-4538-829A-E11B5D468247}"
EndProject
Project("{FAE04EC0-301F-11D3-BF4B-00C04F79EFBC}") = "day-11", "day-11\day-11.csproj", "{82D29192-7579-4016-9823-A3710AB9EEBC}"
EndProject
Global
	GlobalSection(SolutionConfigurationPlatforms) = preSolution
		Debug|Any CPU = Debug|Any CPU
		Release|Any CPU = Release|Any CPU
	EndGlobalSection
	GlobalSection(ProjectConfigurationPlatforms) = postSolution
		{DAAB8175-82BE-4C41-807D-EC21F359209E}.Debug|Any CPU.ActiveCfg = Debug|Any CPU
		{DAAB8175-82BE-4C41-807D-EC21F359209E}.Debug|Any CPU.Build.0 = Debug|Any CPU
		{DAAB8175-82BE-4C41-807D-EC21F359209E}.Release|Any CPU.ActiveCfg = Release|Any CPU
		{DAAB8175-82BE-4C41-807D-EC21F359209E}.Release|Any CPU.Build.0 = Release|Any CPU
		{A1065C85-9091-4ADE-A724-F4521E826831}.Debug|Any CPU.ActiveCfg = Debug|Any CPU
		{A1065C85-9091-4ADE-A724-F4521E826831}.Debug|Any CPU.Build.0 = Debug|Any CPU
		{A1065C85-9091-4ADE-A724-F4521E826831}.Release|Any CPU.ActiveCfg = Release|Any CPU
		{A1065C85-9091-4ADE-A724-F4521E826831}.Release|Any CPU.Build.0 = Release|Any CPU
		{CE5FDCCE-139F-4A6E-B439-A42C750D7E07}.Debug|Any CPU.ActiveCfg = Debug|Any CPU
		{CE5FDCCE-139F-4A6E-B439-A42C750D7E07}.Debug|Any CPU.Build.0 = Debug|Any CPU
		{CE5FDCCE-139F-4A6E-B439-A42C750D7E07}.Release|Any CPU.ActiveCfg = Release|Any CPU
		{CE5FDCCE-139F-4A6E-B439-A42C750D7E07}.Release|Any CPU.Build.0 = Release|Any CPU
		{C5FD76C0-696B-436B-B3D9-C274E50E23B0}.Debug|Any CPU.ActiveCfg = Debug|Any CPU
		{C5FD76C0-696B-436B-B3D9-C274E50E23B0}.Debug|Any CPU.Build.0 = Debug|Any CPU
		{C5FD76C0-696B-436B-B3D9-C274E50E23B0}.Release|Any CPU.ActiveCfg = Release|Any CPU
		{C5FD76C0-696B-436B-B3D9-C274E50E23B0}.Release|Any CPU.Build.0 = Release|Any CPU
		{318CF248-8E0F-44EE-9AEF-BC205813B754}.Debug|Any CPU.ActiveCfg = Debug|Any CPU
		{318CF248-8E0F-44EE-9AEF-BC205813B754}.Debug|Any CPU.Build.0 = Debug|Any CPU
		{318CF248-8E0F-44EE-9AEF-BC205813B754}.Release|Any CPU.ActiveCfg = Release|Any CPU
		{318CF248-8E0F-44EE-9AEF-BC205813B754}.Release|Any CPU.Build.0 = Release|Any CPU
		{E6F1A0AA-D81D-46F5-9352-44914BF38AC5}.Debug|Any CPU.ActiveCfg = Debug|Any CPU
		{E6F1A0AA-D81D-46F5-9352-44914BF38AC5}.Debug|Any CPU.Build.0 = Debug|Any CPU
		{E6F1A0AA-D81D-46F5-9352-44914BF38AC5}.Release|Any CPU.ActiveCfg = Release|Any CPU
		{E6F1A0AA-D81D-46F5-9352-44914BF38AC5}.Release|Any CPU.Build.0 = Release|Any CPU
		{B04DE843-11B7-4030-896B-341E9074FCD6}.Debug|Any CPU.ActiveCfg = Debug|Any CPU
		{B04DE843-11B7-4030-896B-341E9074FCD6}.Debug|Any CPU.Build.0 = Debug|Any CPU
		{B04DE843-11B7-4030-896B-341E9074FCD6}.Release|Any CPU.ActiveCfg = Release|Any CPU
		{B04DE843-11B7-4030-896B-341E9074FCD6}.Release|Any CPU.Build.0 = Release|Any CPU
		{6E8D496E-4BED-43ED-9675-8D8F6F6958BD}.Debug|Any CPU.ActiveCfg = Debug|Any CPU
		{6E8D496E-4BED-43ED-9675-8D8F6F6958BD}.Debug|Any CPU.Build.0 = Debug|Any CPU
		{6E8D496E-4BED-43ED-9675-8D8F6F6958BD}.Release|Any CPU.ActiveCfg = Release|Any CPU
		{6E8D496E-4BED-43ED-9675-8D8F6F6958BD}.Release|Any CPU.Build.0 = Release|Any CPU
		{7522D9E3-E25A-4F28-999B-50EA704430E7}.Debug|Any CPU.ActiveCfg = Debug|Any CPU
		{7522D9E3-E25A-4F28-999B-50EA704430E7}.Debug|Any CPU.Build.0 = Debug|Any CPU
		{7522D9E3-E25A-4F28-999B-50EA704430E7}.Release|Any CPU.ActiveCfg = Release|Any CPU
		{7522D9E3-E25A-4F28-999B-50EA704430E7}.Release|Any CPU.Build.0 = Release|Any CPU
		{E12DB622-94C1-4538-829A-E11B5D468247}.Debug|Any CPU.ActiveCfg = Debug|Any CPU
		{E12DB622-94C1-4538-829A-E11B5D468247}.Debug|Any CPU.Build.0 = Debug|Any CPU
		{E12DB622-94C1-4538-829A-E11B5D468247}.Release|Any CPU.ActiveCfg = Release|Any CPU
		{E12DB622-94C1-4538-829A-E11B5D468247}.Release|Any CPU.Build.0 = Release|Any CPU
		{82D29192-7579-4016-9823-A3710AB9EEBC}.Debug|Any CPU.ActiveCfg = Debug|Any CPU
		{82D29192-7579-4016-9823-A3710AB9EEBC}.Debug|Any CPU.Build.0 = Debug|Any CPU
		{82D29192-7579-4016-9823-A3710AB9EEBC}.Release|Any CPU.ActiveCfg = Release|Any CPU
		{82D29192-7579-4016-9823-A3710AB9EEBC}.Release|Any CPU.Build.0 = Release|Any CPU
	EndGlobalSection
	GlobalSection(SolutionProperties) = preSolution
		HideSolutionNode = FALSE
	EndGlobalSection
	GlobalSection(NestedProjects) = preSolution
		{DAAB8175-82BE-4C41-807D-EC21F359209E} = {1BD82645-5CF0-4E88-BCBE-1DB0768AC8EA}
		{A1065C85-9091-4ADE-A724-F4521E826831} = {1BD82645-5CF0-4E88-BCBE-1DB0768AC8EA}
		{CE5FDCCE-139F-4A6E-B439-A42C750D7E07} = {1BD82645-5CF0-4E88-BCBE-1DB0768AC8EA}
		{C5FD76C0-696B-436B-B3D9-C274E50E23B0} = {1BD82645-5CF0-4E88-BCBE-1DB0768AC8EA}
		{318CF248-8E0F-44EE-9AEF-BC205813B754} = {1BD82645-5CF0-4E88-BCBE-1DB0768AC8EA}
		{E6F1A0AA-D81D-46F5-9352-44914BF38AC5} = {1BD82645-5CF0-4E88-BCBE-1DB0768AC8EA}
		{B04DE843-11B7-4030-896B-341E9074FCD6} = {1BD82645-5CF0-4E88-BCBE-1DB0768AC8EA}
		{6E8D496E-4BED-43ED-9675-8D8F6F6958BD} = {1BD82645-5CF0-4E88-BCBE-1DB0768AC8EA}
		{7522D9E3-E25A-4F28-999B-50EA704430E7} = {1BD82645-5CF0-4E88-BCBE-1DB0768AC8EA}
		{E12DB622-94C1-4538-829A-E11B5D468247} = {1BD82645-5CF0-4E88-BCBE-1DB0768AC8EA}
		{82D29192-7579-4016-9823-A3710AB9EEBC} = {1BD82645-5CF0-4E88-BCBE-1DB0768AC8EA}
	EndGlobalSection
	GlobalSection(ExtensibilityGlobals) = postSolution
		SolutionGuid = {1F34265E-1630-4140-8549-FF23DBA2097A}
	EndGlobalSection
EndGlobal
